// !$*UTF8*$!
{
	archiveVersion = 1;
	classes = {
	};
	objectVersion = 46;
	objects = {

/* Begin PBXBuildFile section */
		AF26CE271BE0E2DA001DF7D4 /* main.m in Sources */ = {isa = PBXBuildFile; fileRef = AF26CE261BE0E2DA001DF7D4 /* main.m */; };
		AF26CE2A1BE0E2DA001DF7D4 /* SONAppDelegate.m in Sources */ = {isa = PBXBuildFile; fileRef = AF26CE291BE0E2DA001DF7D4 /* SONAppDelegate.m */; };
		AF26CE2D1BE0E2DA001DF7D4 /* SONViewController.m in Sources */ = {isa = PBXBuildFile; fileRef = AF26CE2C1BE0E2DA001DF7D4 /* SONViewController.m */; };
		AF26CE301BE0E2DA001DF7D4 /* Main.storyboard in Resources */ = {isa = PBXBuildFile; fileRef = AF26CE2E1BE0E2DA001DF7D4 /* Main.storyboard */; };
		AF26CE321BE0E2DA001DF7D4 /* Assets.xcassets in Resources */ = {isa = PBXBuildFile; fileRef = AF26CE311BE0E2DA001DF7D4 /* Assets.xcassets */; };
		AF26CE351BE0E2DA001DF7D4 /* LaunchScreen.storyboard in Resources */ = {isa = PBXBuildFile; fileRef = AF26CE331BE0E2DA001DF7D4 /* LaunchScreen.storyboard */; };
		AF26CE401BE0E2DC001DF7D4 /* KinoGoTests.m in Sources */ = {isa = PBXBuildFile; fileRef = AF26CE3F1BE0E2DC001DF7D4 /* KinoGoTests.m */; };
		AF26CE4B1BE0E2DC001DF7D4 /* KinoGoUITests.m in Sources */ = {isa = PBXBuildFile; fileRef = AF26CE4A1BE0E2DC001DF7D4 /* KinoGoUITests.m */; };
		AF26CE5A1BE0E5E8001DF7D4 /* SONDefines.m in Sources */ = {isa = PBXBuildFile; fileRef = AF26CE591BE0E5E8001DF7D4 /* SONDefines.m */; };
		AF26CE611BE0E628001DF7D4 /* SONTableViewController.m in Sources */ = {isa = PBXBuildFile; fileRef = AF26CE601BE0E628001DF7D4 /* SONTableViewController.m */; };
/* End PBXBuildFile section */

/* Begin PBXContainerItemProxy section */
		AF26CE3C1BE0E2DC001DF7D4 /* PBXContainerItemProxy */ = {
			isa = PBXContainerItemProxy;
			containerPortal = AF26CE1A1BE0E2DA001DF7D4 /* Project object */;
			proxyType = 1;
			remoteGlobalIDString = AF26CE211BE0E2DA001DF7D4;
			remoteInfo = KinoGo;
		};
		AF26CE471BE0E2DC001DF7D4 /* PBXContainerItemProxy */ = {
			isa = PBXContainerItemProxy;
			containerPortal = AF26CE1A1BE0E2DA001DF7D4 /* Project object */;
			proxyType = 1;
			remoteGlobalIDString = AF26CE211BE0E2DA001DF7D4;
			remoteInfo = KinoGo;
		};
/* End PBXContainerItemProxy section */

/* Begin PBXFileReference section */
		AF26CE221BE0E2DA001DF7D4 /* KinoGo.app */ = {isa = PBXFileReference; explicitFileType = wrapper.application; includeInIndex = 0; path = KinoGo.app; sourceTree = BUILT_PRODUCTS_DIR; };
		AF26CE261BE0E2DA001DF7D4 /* main.m */ = {isa = PBXFileReference; lastKnownFileType = sourcecode.c.objc; path = main.m; sourceTree = "<group>"; };
		AF26CE281BE0E2DA001DF7D4 /* SONAppDelegate.h */ = {isa = PBXFileReference; lastKnownFileType = sourcecode.c.h; path = SONAppDelegate.h; sourceTree = "<group>"; };
		AF26CE291BE0E2DA001DF7D4 /* SONAppDelegate.m */ = {isa = PBXFileReference; lastKnownFileType = sourcecode.c.objc; path = SONAppDelegate.m; sourceTree = "<group>"; };
		AF26CE2B1BE0E2DA001DF7D4 /* SONViewController.h */ = {isa = PBXFileReference; lastKnownFileType = sourcecode.c.h; path = SONViewController.h; sourceTree = "<group>"; };
		AF26CE2C1BE0E2DA001DF7D4 /* SONViewController.m */ = {isa = PBXFileReference; lastKnownFileType = sourcecode.c.objc; path = SONViewController.m; sourceTree = "<group>"; };
		AF26CE2F1BE0E2DA001DF7D4 /* Base */ = {isa = PBXFileReference; lastKnownFileType = file.storyboard; name = Base; path = Base.lproj/Main.storyboard; sourceTree = "<group>"; };
		AF26CE311BE0E2DA001DF7D4 /* Assets.xcassets */ = {isa = PBXFileReference; lastKnownFileType = folder.assetcatalog; path = Assets.xcassets; sourceTree = "<group>"; };
		AF26CE341BE0E2DA001DF7D4 /* Base */ = {isa = PBXFileReference; lastKnownFileType = file.storyboard; name = Base; path = Base.lproj/LaunchScreen.storyboard; sourceTree = "<group>"; };
		AF26CE361BE0E2DA001DF7D4 /* Info.plist */ = {isa = PBXFileReference; lastKnownFileType = text.plist.xml; path = Info.plist; sourceTree = "<group>"; };
		AF26CE3B1BE0E2DC001DF7D4 /* KinoGoTests.xctest */ = {isa = PBXFileReference; explicitFileType = wrapper.cfbundle; includeInIndex = 0; path = KinoGoTests.xctest; sourceTree = BUILT_PRODUCTS_DIR; };
		AF26CE3F1BE0E2DC001DF7D4 /* KinoGoTests.m */ = {isa = PBXFileReference; lastKnownFileType = sourcecode.c.objc; path = KinoGoTests.m; sourceTree = "<group>"; };
		AF26CE411BE0E2DC001DF7D4 /* Info.plist */ = {isa = PBXFileReference; lastKnownFileType = text.plist.xml; path = Info.plist; sourceTree = "<group>"; };
		AF26CE461BE0E2DC001DF7D4 /* KinoGoUITests.xctest */ = {isa = PBXFileReference; explicitFileType = wrapper.cfbundle; includeInIndex = 0; path = KinoGoUITests.xctest; sourceTree = BUILT_PRODUCTS_DIR; };
		AF26CE4A1BE0E2DC001DF7D4 /* KinoGoUITests.m */ = {isa = PBXFileReference; lastKnownFileType = sourcecode.c.objc; path = KinoGoUITests.m; sourceTree = "<group>"; };
		AF26CE4C1BE0E2DC001DF7D4 /* Info.plist */ = {isa = PBXFileReference; lastKnownFileType = text.plist.xml; path = Info.plist; sourceTree = "<group>"; };
		AF26CE581BE0E5E8001DF7D4 /* SONDefines.h */ = {isa = PBXFileReference; fileEncoding = 4; lastKnownFileType = sourcecode.c.h; path = SONDefines.h; sourceTree = "<group>"; };
		AF26CE591BE0E5E8001DF7D4 /* SONDefines.m */ = {isa = PBXFileReference; fileEncoding = 4; lastKnownFileType = sourcecode.c.objc; path = SONDefines.m; sourceTree = "<group>"; };
		AF26CE5F1BE0E628001DF7D4 /* SONTableViewController.h */ = {isa = PBXFileReference; fileEncoding = 4; lastKnownFileType = sourcecode.c.h; path = SONTableViewController.h; sourceTree = "<group>"; };
		AF26CE601BE0E628001DF7D4 /* SONTableViewController.m */ = {isa = PBXFileReference; fileEncoding = 4; lastKnownFileType = sourcecode.c.objc; path = SONTableViewController.m; sourceTree = "<group>"; };
/* End PBXFileReference section */

/* Begin PBXFrameworksBuildPhase section */
		AF26CE1F1BE0E2DA001DF7D4 /* Frameworks */ = {
			isa = PBXFrameworksBuildPhase;
			buildActionMask = 2147483647;
			files = (
			);
			runOnlyForDeploymentPostprocessing = 0;
		};
		AF26CE381BE0E2DC001DF7D4 /* Frameworks */ = {
			isa = PBXFrameworksBuildPhase;
			buildActionMask = 2147483647;
			files = (
			);
			runOnlyForDeploymentPostprocessing = 0;
		};
		AF26CE431BE0E2DC001DF7D4 /* Frameworks */ = {
			isa = PBXFrameworksBuildPhase;
			buildActionMask = 2147483647;
			files = (
			);
			runOnlyForDeploymentPostprocessing = 0;
		};
/* End PBXFrameworksBuildPhase section */

/* Begin PBXGroup section */
		AF26CE191BE0E2DA001DF7D4 = {
			isa = PBXGroup;
			children = (
				AF26CE241BE0E2DA001DF7D4 /* KinoGo */,
				AF26CE3E1BE0E2DC001DF7D4 /* KinoGoTests */,
				AF26CE491BE0E2DC001DF7D4 /* KinoGoUITests */,
				AF26CE231BE0E2DA001DF7D4 /* Products */,
			);
			sourceTree = "<group>";
		};
		AF26CE231BE0E2DA001DF7D4 /* Products */ = {
			isa = PBXGroup;
			children = (
				AF26CE221BE0E2DA001DF7D4 /* KinoGo.app */,
				AF26CE3B1BE0E2DC001DF7D4 /* KinoGoTests.xctest */,
				AF26CE461BE0E2DC001DF7D4 /* KinoGoUITests.xctest */,
			);
			name = Products;
			sourceTree = "<group>";
		};
		AF26CE241BE0E2DA001DF7D4 /* KinoGo */ = {
			isa = PBXGroup;
			children = (
				AF26CE641BE0E6F9001DF7D4 /* App Delegate */,
				AF26CE5D1BE0E5FF001DF7D4 /* Controller */,
				AF26CE5C1BE0E5F8001DF7D4 /* Model */,
				AF26CE5B1BE0E5EF001DF7D4 /* Views */,
				AF26CE2E1BE0E2DA001DF7D4 /* Main.storyboard */,
				AF26CE311BE0E2DA001DF7D4 /* Assets.xcassets */,
				AF26CE331BE0E2DA001DF7D4 /* LaunchScreen.storyboard */,
				AF26CE361BE0E2DA001DF7D4 /* Info.plist */,
				AF26CE251BE0E2DA001DF7D4 /* Supporting Files */,
				AF26CE581BE0E5E8001DF7D4 /* SONDefines.h */,
				AF26CE591BE0E5E8001DF7D4 /* SONDefines.m */,
			);
			path = KinoGo;
			sourceTree = "<group>";
		};
		AF26CE251BE0E2DA001DF7D4 /* Supporting Files */ = {
			isa = PBXGroup;
			children = (
				AF26CE261BE0E2DA001DF7D4 /* main.m */,
			);
			name = "Supporting Files";
			sourceTree = "<group>";
		};
		AF26CE3E1BE0E2DC001DF7D4 /* KinoGoTests */ = {
			isa = PBXGroup;
			children = (
				AF26CE3F1BE0E2DC001DF7D4 /* KinoGoTests.m */,
				AF26CE411BE0E2DC001DF7D4 /* Info.plist */,
			);
			path = KinoGoTests;
			sourceTree = "<group>";
		};
		AF26CE491BE0E2DC001DF7D4 /* KinoGoUITests */ = {
			isa = PBXGroup;
			children = (
				AF26CE4A1BE0E2DC001DF7D4 /* KinoGoUITests.m */,
				AF26CE4C1BE0E2DC001DF7D4 /* Info.plist */,
			);
			path = KinoGoUITests;
			sourceTree = "<group>";
		};
		AF26CE5B1BE0E5EF001DF7D4 /* Views */ = {
			isa = PBXGroup;
			children = (
				AF26CE661BE0E716001DF7D4 /* CollectionViewCells */,
				AF26CE651BE0E70D001DF7D4 /* TableViewCells */,
			);
			name = Views;
			sourceTree = "<group>";
		};
		AF26CE5C1BE0E5F8001DF7D4 /* Model */ = {
			isa = PBXGroup;
			children = (
				AF26CE621BE0E6CF001DF7D4 /* Networking */,
			);
			name = Model;
			sourceTree = "<group>";
		};
		AF26CE5D1BE0E5FF001DF7D4 /* Controller */ = {
			isa = PBXGroup;
			children = (
				AF26CE5E1BE0E60C001DF7D4 /* ViewControllers */,
			);
			name = Controller;
			sourceTree = "<group>";
		};
		AF26CE5E1BE0E60C001DF7D4 /* ViewControllers */ = {
			isa = PBXGroup;
			children = (
				AF26CE2B1BE0E2DA001DF7D4 /* SONViewController.h */,
				AF26CE2C1BE0E2DA001DF7D4 /* SONViewController.m */,
				AF26CE5F1BE0E628001DF7D4 /* SONTableViewController.h */,
				AF26CE601BE0E628001DF7D4 /* SONTableViewController.m */,
			);
			name = ViewControllers;
			sourceTree = "<group>";
		};
		AF26CE621BE0E6CF001DF7D4 /* Networking */ = {
			isa = PBXGroup;
			children = (
				AF26CE631BE0E6D8001DF7D4 /* API */,
			);
			name = Networking;
			sourceTree = "<group>";
		};
		AF26CE631BE0E6D8001DF7D4 /* API */ = {
			isa = PBXGroup;
			children = (
			);
			name = API;
			sourceTree = "<group>";
		};
		AF26CE641BE0E6F9001DF7D4 /* App Delegate */ = {
			isa = PBXGroup;
			children = (
				AF26CE281BE0E2DA001DF7D4 /* SONAppDelegate.h */,
				AF26CE291BE0E2DA001DF7D4 /* SONAppDelegate.m */,
			);
			name = "App Delegate";
			sourceTree = "<group>";
		};
		AF26CE651BE0E70D001DF7D4 /* TableViewCells */ = {
			isa = PBXGroup;
			children = (
			);
			name = TableViewCells;
			sourceTree = "<group>";
		};
		AF26CE661BE0E716001DF7D4 /* CollectionViewCells */ = {
			isa = PBXGroup;
			children = (
			);
			name = CollectionViewCells;
			sourceTree = "<group>";
		};
/* End PBXGroup section */

/* Begin PBXNativeTarget section */
		AF26CE211BE0E2DA001DF7D4 /* KinoGo */ = {
			isa = PBXNativeTarget;
			buildConfigurationList = AF26CE4F1BE0E2DC001DF7D4 /* Build configuration list for PBXNativeTarget "KinoGo" */;
			buildPhases = (
				AF26CE1E1BE0E2DA001DF7D4 /* Sources */,
				AF26CE1F1BE0E2DA001DF7D4 /* Frameworks */,
				AF26CE201BE0E2DA001DF7D4 /* Resources */,
			);
			buildRules = (
			);
			dependencies = (
			);
			name = KinoGo;
			productName = KinoGo;
			productReference = AF26CE221BE0E2DA001DF7D4 /* KinoGo.app */;
			productType = "com.apple.product-type.application";
		};
		AF26CE3A1BE0E2DC001DF7D4 /* KinoGoTests */ = {
			isa = PBXNativeTarget;
			buildConfigurationList = AF26CE521BE0E2DC001DF7D4 /* Build configuration list for PBXNativeTarget "KinoGoTests" */;
			buildPhases = (
				AF26CE371BE0E2DC001DF7D4 /* Sources */,
				AF26CE381BE0E2DC001DF7D4 /* Frameworks */,
				AF26CE391BE0E2DC001DF7D4 /* Resources */,
			);
			buildRules = (
			);
			dependencies = (
				AF26CE3D1BE0E2DC001DF7D4 /* PBXTargetDependency */,
			);
			name = KinoGoTests;
			productName = KinoGoTests;
			productReference = AF26CE3B1BE0E2DC001DF7D4 /* KinoGoTests.xctest */;
			productType = "com.apple.product-type.bundle.unit-test";
		};
		AF26CE451BE0E2DC001DF7D4 /* KinoGoUITests */ = {
			isa = PBXNativeTarget;
			buildConfigurationList = AF26CE551BE0E2DC001DF7D4 /* Build configuration list for PBXNativeTarget "KinoGoUITests" */;
			buildPhases = (
				AF26CE421BE0E2DC001DF7D4 /* Sources */,
				AF26CE431BE0E2DC001DF7D4 /* Frameworks */,
				AF26CE441BE0E2DC001DF7D4 /* Resources */,
			);
			buildRules = (
			);
			dependencies = (
				AF26CE481BE0E2DC001DF7D4 /* PBXTargetDependency */,
			);
			name = KinoGoUITests;
			productName = KinoGoUITests;
			productReference = AF26CE461BE0E2DC001DF7D4 /* KinoGoUITests.xctest */;
			productType = "com.apple.product-type.bundle.ui-testing";
		};
/* End PBXNativeTarget section */

/* Begin PBXProject section */
		AF26CE1A1BE0E2DA001DF7D4 /* Project object */ = {
			isa = PBXProject;
			attributes = {
				CLASSPREFIX = SON;
				LastUpgradeCheck = 0710;
				ORGANIZATIONNAME = "Sonomos Software S.L.";
				TargetAttributes = {
					AF26CE211BE0E2DA001DF7D4 = {
						CreatedOnToolsVersion = 7.1;
					};
					AF26CE3A1BE0E2DC001DF7D4 = {
						CreatedOnToolsVersion = 7.1;
						TestTargetID = AF26CE211BE0E2DA001DF7D4;
					};
					AF26CE451BE0E2DC001DF7D4 = {
						CreatedOnToolsVersion = 7.1;
						TestTargetID = AF26CE211BE0E2DA001DF7D4;
					};
				};
			};
			buildConfigurationList = AF26CE1D1BE0E2DA001DF7D4 /* Build configuration list for PBXProject "KinoGo" */;
			compatibilityVersion = "Xcode 3.2";
			developmentRegion = English;
			hasScannedForEncodings = 0;
			knownRegions = (
				en,
				Base,
			);
			mainGroup = AF26CE191BE0E2DA001DF7D4;
			productRefGroup = AF26CE231BE0E2DA001DF7D4 /* Products */;
			projectDirPath = "";
			projectRoot = "";
			targets = (
				AF26CE211BE0E2DA001DF7D4 /* KinoGo */,
				AF26CE3A1BE0E2DC001DF7D4 /* KinoGoTests */,
				AF26CE451BE0E2DC001DF7D4 /* KinoGoUITests */,
			);
		};
/* End PBXProject section */

/* Begin PBXResourcesBuildPhase section */
		AF26CE201BE0E2DA001DF7D4 /* Resources */ = {
			isa = PBXResourcesBuildPhase;
			buildActionMask = 2147483647;
			files = (
				AF26CE351BE0E2DA001DF7D4 /* LaunchScreen.storyboard in Resources */,
				AF26CE321BE0E2DA001DF7D4 /* Assets.xcassets in Resources */,
				AF26CE301BE0E2DA001DF7D4 /* Main.storyboard in Resources */,
			);
			runOnlyForDeploymentPostprocessing = 0;
		};
		AF26CE391BE0E2DC001DF7D4 /* Resources */ = {
			isa = PBXResourcesBuildPhase;
			buildActionMask = 2147483647;
			files = (
			);
			runOnlyForDeploymentPostprocessing = 0;
		};
		AF26CE441BE0E2DC001DF7D4 /* Resources */ = {
			isa = PBXResourcesBuildPhase;
			buildActionMask = 2147483647;
			files = (
			);
			runOnlyForDeploymentPostprocessing = 0;
		};
/* End PBXResourcesBuildPhase section */

/* Begin PBXSourcesBuildPhase section */
		AF26CE1E1BE0E2DA001DF7D4 /* Sources */ = {
			isa = PBXSourcesBuildPhase;
			buildActionMask = 2147483647;
			files = (
				AF26CE2D1BE0E2DA001DF7D4 /* SONViewController.m in Sources */,
				AF26CE5A1BE0E5E8001DF7D4 /* SONDefines.m in Sources */,
				AF26CE2A1BE0E2DA001DF7D4 /* SONAppDelegate.m in Sources */,
				AF26CE611BE0E628001DF7D4 /* SONTableViewController.m in Sources */,
				AF26CE271BE0E2DA001DF7D4 /* main.m in Sources */,
			);
			runOnlyForDeploymentPostprocessing = 0;
		};
		AF26CE371BE0E2DC001DF7D4 /* Sources */ = {
			isa = PBXSourcesBuildPhase;
			buildActionMask = 2147483647;
			files = (
				AF26CE401BE0E2DC001DF7D4 /* KinoGoTests.m in Sources */,
			);
			runOnlyForDeploymentPostprocessing = 0;
		};
		AF26CE421BE0E2DC001DF7D4 /* Sources */ = {
			isa = PBXSourcesBuildPhase;
			buildActionMask = 2147483647;
			files = (
				AF26CE4B1BE0E2DC001DF7D4 /* KinoGoUITests.m in Sources */,
			);
			runOnlyForDeploymentPostprocessing = 0;
		};
/* End PBXSourcesBuildPhase section */

/* Begin PBXTargetDependency section */
		AF26CE3D1BE0E2DC001DF7D4 /* PBXTargetDependency */ = {
			isa = PBXTargetDependency;
			target = AF26CE211BE0E2DA001DF7D4 /* KinoGo */;
			targetProxy = AF26CE3C1BE0E2DC001DF7D4 /* PBXContainerItemProxy */;
		};
		AF26CE481BE0E2DC001DF7D4 /* PBXTargetDependency */ = {
			isa = PBXTargetDependency;
			target = AF26CE211BE0E2DA001DF7D4 /* KinoGo */;
			targetProxy = AF26CE471BE0E2DC001DF7D4 /* PBXContainerItemProxy */;
		};
/* End PBXTargetDependency section */

/* Begin PBXVariantGroup section */
		AF26CE2E1BE0E2DA001DF7D4 /* Main.storyboard */ = {
			isa = PBXVariantGroup;
			children = (
				AF26CE2F1BE0E2DA001DF7D4 /* Base */,
			);
			name = Main.storyboard;
			sourceTree = "<group>";
		};
		AF26CE331BE0E2DA001DF7D4 /* LaunchScreen.storyboard */ = {
			isa = PBXVariantGroup;
			children = (
				AF26CE341BE0E2DA001DF7D4 /* Base */,
			);
			name = LaunchScreen.storyboard;
			sourceTree = "<group>";
		};
/* End PBXVariantGroup section */

/* Begin XCBuildConfiguration section */
		AF26CE4D1BE0E2DC001DF7D4 /* Debug */ = {
			isa = XCBuildConfiguration;
			buildSettings = {
				ALWAYS_SEARCH_USER_PATHS = NO;
				CLANG_CXX_LANGUAGE_STANDARD = "gnu++0x";
				CLANG_CXX_LIBRARY = "libc++";
				CLANG_ENABLE_MODULES = YES;
				CLANG_ENABLE_OBJC_ARC = YES;
				CLANG_WARN_BOOL_CONVERSION = YES;
				CLANG_WARN_CONSTANT_CONVERSION = YES;
				CLANG_WARN_DIRECT_OBJC_ISA_USAGE = YES_ERROR;
				CLANG_WARN_EMPTY_BODY = YES;
				CLANG_WARN_ENUM_CONVERSION = YES;
				CLANG_WARN_INT_CONVERSION = YES;
				CLANG_WARN_OBJC_ROOT_CLASS = YES_ERROR;
				CLANG_WARN_UNREACHABLE_CODE = YES;
				CLANG_WARN__DUPLICATE_METHOD_MATCH = YES;
				"CODE_SIGN_IDENTITY[sdk=iphoneos*]" = "iPhone Developer";
				COPY_PHASE_STRIP = NO;
				DEBUG_INFORMATION_FORMAT = dwarf;
				ENABLE_STRICT_OBJC_MSGSEND = YES;
				ENABLE_TESTABILITY = YES;
				GCC_C_LANGUAGE_STANDARD = gnu99;
				GCC_DYNAMIC_NO_PIC = NO;
				GCC_NO_COMMON_BLOCKS = YES;
				GCC_OPTIMIZATION_LEVEL = 0;
				GCC_PREPROCESSOR_DEFINITIONS = (
					"DEBUG=1",
					"$(inherited)",
				);
				GCC_WARN_64_TO_32_BIT_CONVERSION = YES;
				GCC_WARN_ABOUT_RETURN_TYPE = YES_ERROR;
				GCC_WARN_UNDECLARED_SELECTOR = YES;
				GCC_WARN_UNINITIALIZED_AUTOS = YES_AGGRESSIVE;
				GCC_WARN_UNUSED_FUNCTION = YES;
				GCC_WARN_UNUSED_VARIABLE = YES;
				IPHONEOS_DEPLOYMENT_TARGET = 9.1;
				MTL_ENABLE_DEBUG_INFO = YES;
				ONLY_ACTIVE_ARCH = YES;
				SDKROOT = iphoneos;
				TARGETED_DEVICE_FAMILY = "1,2";
			};
			name = Debug;
		};
		AF26CE4E1BE0E2DC001DF7D4 /* Release */ = {
			isa = XCBuildConfiguration;
			buildSettings = {
				ALWAYS_SEARCH_USER_PATHS = NO;
				CLANG_CXX_LANGUAGE_STANDARD = "gnu++0x";
				CLANG_CXX_LIBRARY = "libc++";
				CLANG_ENABLE_MODULES = YES;
				CLANG_ENABLE_OBJC_ARC = YES;
				CLANG_WARN_BOOL_CONVERSION = YES;
				CLANG_WARN_CONSTANT_CONVERSION = YES;
				CLANG_WARN_DIRECT_OBJC_ISA_USAGE = YES_ERROR;
				CLANG_WARN_EMPTY_BODY = YES;
				CLANG_WARN_ENUM_CONVERSION = YES;
				CLANG_WARN_INT_CONVERSION = YES;
				CLANG_WARN_OBJC_ROOT_CLASS = YES_ERROR;
				CLANG_WARN_UNREACHABLE_CODE = YES;
				CLANG_WARN__DUPLICATE_METHOD_MATCH = YES;
				"CODE_SIGN_IDENTITY[sdk=iphoneos*]" = "iPhone Developer";
				COPY_PHASE_STRIP = NO;
				DEBUG_INFORMATION_FORMAT = "dwarf-with-dsym";
				ENABLE_NS_ASSERTIONS = NO;
				ENABLE_STRICT_OBJC_MSGSEND = YES;
				GCC_C_LANGUAGE_STANDARD = gnu99;
				GCC_NO_COMMON_BLOCKS = YES;
				GCC_WARN_64_TO_32_BIT_CONVERSION = YES;
				GCC_WARN_ABOUT_RETURN_TYPE = YES_ERROR;
				GCC_WARN_UNDECLARED_SELECTOR = YES;
				GCC_WARN_UNINITIALIZED_AUTOS = YES_AGGRESSIVE;
				GCC_WARN_UNUSED_FUNCTION = YES;
				GCC_WARN_UNUSED_VARIABLE = YES;
				IPHONEOS_DEPLOYMENT_TARGET = 9.1;
				MTL_ENABLE_DEBUG_INFO = NO;
				SDKROOT = iphoneos;
				TARGETED_DEVICE_FAMILY = "1,2";
				VALIDATE_PRODUCT = YES;
			};
			name = Release;
		};
		AF26CE501BE0E2DC001DF7D4 /* Debug */ = {
			isa = XCBuildConfiguration;
			buildSettings = {
				ASSETCATALOG_COMPILER_APPICON_NAME = AppIcon;
				INFOPLIST_FILE = KinoGo/Info.plist;
				LD_RUNPATH_SEARCH_PATHS = "$(inherited) @executable_path/Frameworks";
				PRODUCT_BUNDLE_IDENTIFIER = com.sonomos.KinoGo;
				PRODUCT_NAME = "$(TARGET_NAME)";
			};
			name = Debug;
		};
		AF26CE511BE0E2DC001DF7D4 /* Release */ = {
			isa = XCBuildConfiguration;
			buildSettings = {
				ASSETCATALOG_COMPILER_APPICON_NAME = AppIcon;
				INFOPLIST_FILE = KinoGo/Info.plist;
				LD_RUNPATH_SEARCH_PATHS = "$(inherited) @executable_path/Frameworks";
				PRODUCT_BUNDLE_IDENTIFIER = com.sonomos.KinoGo;
				PRODUCT_NAME = "$(TARGET_NAME)";
			};
			name = Release;
		};
		AF26CE531BE0E2DC001DF7D4 /* Debug */ = {
			isa = XCBuildConfiguration;
			buildSettings = {
				BUNDLE_LOADER = "$(TEST_HOST)";
				INFOPLIST_FILE = KinoGoTests/Info.plist;
				LD_RUNPATH_SEARCH_PATHS = "$(inherited) @executable_path/Frameworks @loader_path/Frameworks";
				PRODUCT_BUNDLE_IDENTIFIER = com.sonomos.KinoGoTests;
				PRODUCT_NAME = "$(TARGET_NAME)";
				TEST_HOST = "$(BUILT_PRODUCTS_DIR)/KinoGo.app/KinoGo";
			};
			name = Debug;
		};
		AF26CE541BE0E2DC001DF7D4 /* Release */ = {
			isa = XCBuildConfiguration;
			buildSettings = {
				BUNDLE_LOADER = "$(TEST_HOST)";
				INFOPLIST_FILE = KinoGoTests/Info.plist;
				LD_RUNPATH_SEARCH_PATHS = "$(inherited) @executable_path/Frameworks @loader_path/Frameworks";
				PRODUCT_BUNDLE_IDENTIFIER = com.sonomos.KinoGoTests;
				PRODUCT_NAME = "$(TARGET_NAME)";
				TEST_HOST = "$(BUILT_PRODUCTS_DIR)/KinoGo.app/KinoGo";
			};
			name = Release;
		};
		AF26CE561BE0E2DC001DF7D4 /* Debug */ = {
			isa = XCBuildConfiguration;
			buildSettings = {
				INFOPLIST_FILE = KinoGoUITests/Info.plist;
				LD_RUNPATH_SEARCH_PATHS = "$(inherited) @executable_path/Frameworks @loader_path/Frameworks";
				PRODUCT_BUNDLE_IDENTIFIER = com.sonomos.KinoGoUITests;
				PRODUCT_NAME = "$(TARGET_NAME)";
				TEST_TARGET_NAME = KinoGo;
				USES_XCTRUNNER = YES;
			};
			name = Debug;
		};
		AF26CE571BE0E2DC001DF7D4 /* Release */ = {
			isa = XCBuildConfiguration;
			buildSettings = {
				INFOPLIST_FILE = KinoGoUITests/Info.plist;
				LD_RUNPATH_SEARCH_PATHS = "$(inherited) @executable_path/Frameworks @loader_path/Frameworks";
				PRODUCT_BUNDLE_IDENTIFIER = com.sonomos.KinoGoUITests;
				PRODUCT_NAME = "$(TARGET_NAME)";
				TEST_TARGET_NAME = KinoGo;
				USES_XCTRUNNER = YES;
			};
			name = Release;
		};
/* End XCBuildConfiguration section */

/* Begin XCConfigurationList section */
		AF26CE1D1BE0E2DA001DF7D4 /* Build configuration list for PBXProject "KinoGo" */ = {
			isa = XCConfigurationList;
			buildConfigurations = (
				AF26CE4D1BE0E2DC001DF7D4 /* Debug */,
				AF26CE4E1BE0E2DC001DF7D4 /* Release */,
			);
			defaultConfigurationIsVisible = 0;
			defaultConfigurationName = Release;
		};
		AF26CE4F1BE0E2DC001DF7D4 /* Build configuration list for PBXNativeTarget "KinoGo" */ = {
			isa = XCConfigurationList;
			buildConfigurations = (
				AF26CE501BE0E2DC001DF7D4 /* Debug */,
				AF26CE511BE0E2DC001DF7D4 /* Release */,
			);
			defaultConfigurationIsVisible = 0;
		};
		AF26CE521BE0E2DC001DF7D4 /* Build configuration list for PBXNativeTarget "KinoGoTests" */ = {
			isa = XCConfigurationList;
			buildConfigurations = (
				AF26CE531BE0E2DC001DF7D4 /* Debug */,
				AF26CE541BE0E2DC001DF7D4 /* Release */,
			);
			defaultConfigurationIsVisible = 0;
		};
		AF26CE551BE0E2DC001DF7D4 /* Build configuration list for PBXNativeTarget "KinoGoUITests" */ = {
			isa = XCConfigurationList;
			buildConfigurations = (
				AF26CE561BE0E2DC001DF7D4 /* Debug */,
				AF26CE571BE0E2DC001DF7D4 /* Release */,
			);
			defaultConfigurationIsVisible = 0;
		};
/* End XCConfigurationList section */
	};
	rootObject = AF26CE1A1BE0E2DA001DF7D4 /* Project object */;
}
